
Microsoft Visual Studio Solution File, Format Version 12.00
# Visual Studio 15
VisualStudioVersion = 15.0.28307.960
MinimumVisualStudioVersion = 10.0.40219.1
Project("{888888A0-9F3D-457C-B088-3A5042F75D52}") = "Calendar", "Calendar\Calendar.pyproj", "{650F97F8-AAE7-4367-9906-E3EFCEBB3A20}"
EndProject
Global
	GlobalSection(SolutionConfigurationPlatforms) = preSolution
		Debug|Any CPU = Debug|Any CPU
		Release|Any CPU = Release|Any CPU
	EndGlobalSection
	GlobalSection(ProjectConfigurationPlatforms) = postSolution
		{650F97F8-AAE7-4367-9906-E3EFCEBB3A20}.Debug|Any CPU.ActiveCfg = Debug|Any CPU
		{650F97F8-AAE7-4367-9906-E3EFCEBB3A20}.Release|Any CPU.ActiveCfg = Release|Any CPU
	EndGlobalSection
	GlobalSection(SolutionProperties) = preSolution
		HideSolutionNode = FALSE
	EndGlobalSection
	GlobalSection(ExtensibilityGlobals) = postSolution
		SolutionGuid = {41901D73-9373-486E-9DF4-85CC6F70545D}
	EndGlobalSection
EndGlobal
